
Microsoft Visual Studio Solution File, Format Version 12.00
# Visual Studio 15
VisualStudioVersion = 15.0.28307.1209
MinimumVisualStudioVersion = 10.0.40219.1
Project("{9A19103F-16F7-4668-BE54-9A1E7A4F7556}") = "TaskManager.WebApp", "TaskManager\TaskManager.WebApp.csproj", "{81496497-AD5D-40DC-BF39-9E30504A24BD}"
EndProject
Project("{FAE04EC0-301F-11D3-BF4B-00C04F79EFBC}") = "TaskManager.Entities", "TaskManager.Entities\TaskManager.Entities.csproj", "{3E679BEF-51CC-44A1-8C60-EFAD22AA2804}"
EndProject
Project("{9A19103F-16F7-4668-BE54-9A1E7A4F7556}") = "TaskManager.WebApi", "TaskManager.WebApi\TaskManager.WebApi.csproj", "{B2DB3D19-708F-47AA-9721-5480F29E651D}"
EndProject
Project("{FAE04EC0-301F-11D3-BF4B-00C04F79EFBC}") = "TaskManager.Common", "TaskManager.Common\TaskManager.Common.csproj", "{79236EBD-AC00-4919-B424-1271B4FC5C01}"
EndProject
Global
	GlobalSection(SolutionConfigurationPlatforms) = preSolution
		Debug|Any CPU = Debug|Any CPU
		Release|Any CPU = Release|Any CPU
	EndGlobalSection
	GlobalSection(ProjectConfigurationPlatforms) = postSolution
		{81496497-AD5D-40DC-BF39-9E30504A24BD}.Debug|Any CPU.ActiveCfg = Debug|Any CPU
		{81496497-AD5D-40DC-BF39-9E30504A24BD}.Debug|Any CPU.Build.0 = Debug|Any CPU
		{81496497-AD5D-40DC-BF39-9E30504A24BD}.Release|Any CPU.ActiveCfg = Release|Any CPU
		{81496497-AD5D-40DC-BF39-9E30504A24BD}.Release|Any CPU.Build.0 = Release|Any CPU
		{3E679BEF-51CC-44A1-8C60-EFAD22AA2804}.Debug|Any CPU.ActiveCfg = Debug|Any CPU
		{3E679BEF-51CC-44A1-8C60-EFAD22AA2804}.Debug|Any CPU.Build.0 = Debug|Any CPU
		{3E679BEF-51CC-44A1-8C60-EFAD22AA2804}.Release|Any CPU.ActiveCfg = Release|Any CPU
		{3E679BEF-51CC-44A1-8C60-EFAD22AA2804}.Release|Any CPU.Build.0 = Release|Any CPU
		{B2DB3D19-708F-47AA-9721-5480F29E651D}.Debug|Any CPU.ActiveCfg = Debug|Any CPU
		{B2DB3D19-708F-47AA-9721-5480F29E651D}.Debug|Any CPU.Build.0 = Debug|Any CPU
		{B2DB3D19-708F-47AA-9721-5480F29E651D}.Release|Any CPU.ActiveCfg = Release|Any CPU
		{B2DB3D19-708F-47AA-9721-5480F29E651D}.Release|Any CPU.Build.0 = Release|Any CPU
		{79236EBD-AC00-4919-B424-1271B4FC5C01}.Debug|Any CPU.ActiveCfg = Debug|Any CPU
		{79236EBD-AC00-4919-B424-1271B4FC5C01}.Debug|Any CPU.Build.0 = Debug|Any CPU
		{79236EBD-AC00-4919-B424-1271B4FC5C01}.Release|Any CPU.ActiveCfg = Release|Any CPU
		{79236EBD-AC00-4919-B424-1271B4FC5C01}.Release|Any CPU.Build.0 = Release|Any CPU
	EndGlobalSection
	GlobalSection(SolutionProperties) = preSolution
		HideSolutionNode = FALSE
	EndGlobalSection
	GlobalSection(ExtensibilityGlobals) = postSolution
		SolutionGuid = {0463FE63-6569-4C41-BA72-FECDFBE4DDC1}
	EndGlobalSection
EndGlobal
